<?xml version="1.0" encoding="utf-8"?>
<Project ToolsVersion="4.0" xmlns="http://schemas.microsoft.com/developer/msbuild/2003">
  <ItemGroup>
    <Filter Include="Resource Files">
      <UniqueIdentifier>{67DA6AB6-F800-4c08-8B7A-83BB121AAD01}</UniqueIdentifier>
      <Extensions>rc;ico;cur;bmp;dlg;rc2;rct;bin;rgs;gif;jpg;jpeg;jpe;resx;tiff;tif;png;wav;mfcribbon-ms</Extensions>
    </Filter>
    <Filter Include="Source">
      <UniqueIdentifier>{c196838c-43c3-4451-b85b-569f607f6feb}</UniqueIdentifier>
    </Filter>
    <Filter Include="Source\Impl">
      <UniqueIdentifier>{6086b19f-95b3-43f1-8ba0-8a0c9d44c9b8}</UniqueIdentifier>
    </Filter>
    <Filter Include="Source\Include">
      <UniqueIdentifier>{607c2c23-8fd4-49aa-b0c7-f936cb71dcc2}</UniqueIdentifier>
    </Filter>
  </ItemGroup>
  <ItemGroup>
    <ClCompile Include="..\src\BitMask.cpp">
      <Filter>Source\Impl</Filter>
    </ClCompile>
    <ClCompile Include="..\src\BitStuffer2.cpp">
      <Filter>Source\Impl</Filter>
    </ClCompile>
    <ClCompile Include="..\src\ClusterRGB.cpp">
      <Filter>Source\Impl</Filter>
    </ClCompile>
    <ClCompile Include="..\src\Common.cpp">
      <Filter>Source\Impl</Filter>
    </ClCompile>
    <ClCompile Include="..\src\Huffman.cpp">
      <Filter>Source\Impl</Filter>
    </ClCompile>
    <ClCompile Include="..\src\Intensity.cpp">
      <Filter>Source\Impl</Filter>
    </ClCompile>
    <ClCompile Include="..\src\LEPCC.cpp">
      <Filter>Source\Impl</Filter>
    </ClCompile>
    <ClCompile Include="..\src\lepcc_c_api_impl.cpp">
      <Filter>Source\Impl</Filter>
    </ClCompile>
    <ClCompile Include="..\src\FlagBytes.cpp">
      <Filter>Source\Impl</Filter>
    </ClCompile>
    <ClCompile Include="..\src\Test_C_Api.cpp">
      <Filter>Source\Impl</Filter>
    </ClCompile>
  </ItemGroup>
  <ItemGroup>
    <ClInclude Include="..\src\Include\lepcc_types.h">
      <Filter>Source\Include</Filter>
    </ClInclude>
    <ClInclude Include="..\src\BitMask.h">
      <Filter>Source\Impl</Filter>
    </ClInclude>
    <ClInclude Include="..\src\BitStuffer2.h">
      <Filter>Source\Impl</Filter>
    </ClInclude>
    <ClInclude Include="..\src\ClusterRGB.h">
      <Filter>Source\Impl</Filter>
    </ClInclude>
    <ClInclude Include="..\src\Common.h">
      <Filter>Source\Impl</Filter>
    </ClInclude>
    <ClInclude Include="..\src\Huffman.h">
      <Filter>Source\Impl</Filter>
    </ClInclude>
    <ClInclude Include="..\src\Intensity.h">
      <Filter>Source\Impl</Filter>
    </ClInclude>
    <ClInclude Include="..\src\LEPCC.h">
      <Filter>Source\Impl</Filter>
    </ClInclude>
    <ClInclude Include="..\src\utl_const_array.h">
      <Filter>Source\Impl</Filter>
    </ClInclude>
    <ClInclude Include="..\src\Include\lepcc_c_api.h">
      <Filter>Source\Include</Filter>
    </ClInclude>
    <ClInclude Include="..\src\include\lepcc_tpl_api.h">
      <Filter>Source\Include</Filter>
    </ClInclude>
    <ClInclude Include="..\src\FlagBytes.h">
      <Filter>Source\Impl</Filter>
    </ClInclude>
  </ItemGroup>
  <ItemGroup>
    <Text Include="ReadMe.txt">
      <Filter>Source\Impl</Filter>
    </Text>
  </ItemGroup>
</Project>